
Microsoft Visual Studio Solution File, Format Version 12.00
# Visual Studio Version 17
VisualStudioVersion = 17.0.31903.59
MinimumVisualStudioVersion = 10.0.40219.1
Project("{FAE04EC0-301F-11D3-BF4B-00C04F79EFBC}") = "TaskManager.Core", "TaskManager.Core\TaskManager.Core.csproj", "{656364CE-AE0E-4CC1-A692-80CCA706267A}"
EndProject
Project("{FAE04EC0-301F-11D3-BF4B-00C04F79EFBC}") = "TaskManager.Application", "TaskManager.Application\TaskManager.Application.csproj", "{977A00C9-FC25-4DD5-A272-933C406A98A0}"
EndProject
Project("{FAE04EC0-301F-11D3-BF4B-00C04F79EFBC}") = "TaskManager.Infrastructure", "TaskManager.Infrastructure\TaskManager.Infrastructure.csproj", "{B92CE598-1982-4F85-B25E-62D9A5107ED2}"
EndProject
Project("{FAE04EC0-301F-11D3-BF4B-00C04F79EFBC}") = "TaskManager.Api", "TaskManager.Api\TaskManager.Api.csproj", "{252EB8BF-9CAB-4AA2-925A-26450B651CAC}"
EndProject
Project("{FAE04EC0-301F-11D3-BF4B-00C04F79EFBC}") = "TaskManager.Tests", "TaskManager.Tests\TaskManager.Tests.csproj", "{1C510105-8C3D-42AB-929C-F0C36D06C81C}"
EndProject
Project("{FAE04EC0-301F-11D3-BF4B-00C04F79EFBC}") = "TaskManager.Tests.Integration", "TaskManager.Tests.Integration\TaskManager.Tests.Integration.csproj", "{627E56FB-F586-4FAD-B3A2-077D14719389}"
EndProject
Global
	GlobalSection(SolutionConfigurationPlatforms) = preSolution
		Debug|Any CPU = Debug|Any CPU
		Debug|x64 = Debug|x64
		Debug|x86 = Debug|x86
		Release|Any CPU = Release|Any CPU
		Release|x64 = Release|x64
		Release|x86 = Release|x86
	EndGlobalSection
	GlobalSection(ProjectConfigurationPlatforms) = postSolution
		{656364CE-AE0E-4CC1-A692-80CCA706267A}.Debug|Any CPU.ActiveCfg = Debug|Any CPU
		{656364CE-AE0E-4CC1-A692-80CCA706267A}.Debug|Any CPU.Build.0 = Debug|Any CPU
		{656364CE-AE0E-4CC1-A692-80CCA706267A}.Debug|x64.ActiveCfg = Debug|Any CPU
		{656364CE-AE0E-4CC1-A692-80CCA706267A}.Debug|x64.Build.0 = Debug|Any CPU
		{656364CE-AE0E-4CC1-A692-80CCA706267A}.Debug|x86.ActiveCfg = Debug|Any CPU
		{656364CE-AE0E-4CC1-A692-80CCA706267A}.Debug|x86.Build.0 = Debug|Any CPU
		{656364CE-AE0E-4CC1-A692-80CCA706267A}.Release|Any CPU.ActiveCfg = Release|Any CPU
		{656364CE-AE0E-4CC1-A692-80CCA706267A}.Release|Any CPU.Build.0 = Release|Any CPU
		{656364CE-AE0E-4CC1-A692-80CCA706267A}.Release|x64.ActiveCfg = Release|Any CPU
		{656364CE-AE0E-4CC1-A692-80CCA706267A}.Release|x64.Build.0 = Release|Any CPU
		{656364CE-AE0E-4CC1-A692-80CCA706267A}.Release|x86.ActiveCfg = Release|Any CPU
		{656364CE-AE0E-4CC1-A692-80CCA706267A}.Release|x86.Build.0 = Release|Any CPU
		{977A00C9-FC25-4DD5-A272-933C406A98A0}.Debug|Any CPU.ActiveCfg = Debug|Any CPU
		{977A00C9-FC25-4DD5-A272-933C406A98A0}.Debug|Any CPU.Build.0 = Debug|Any CPU
		{977A00C9-FC25-4DD5-A272-933C406A98A0}.Debug|x64.ActiveCfg = Debug|Any CPU
		{977A00C9-FC25-4DD5-A272-933C406A98A0}.Debug|x64.Build.0 = Debug|Any CPU
		{977A00C9-FC25-4DD5-A272-933C406A98A0}.Debug|x86.ActiveCfg = Debug|Any CPU
		{977A00C9-FC25-4DD5-A272-933C406A98A0}.Debug|x86.Build.0 = Debug|Any CPU
		{977A00C9-FC25-4DD5-A272-933C406A98A0}.Release|Any CPU.ActiveCfg = Release|Any CPU
		{977A00C9-FC25-4DD5-A272-933C406A98A0}.Release|Any CPU.Build.0 = Release|Any CPU
		{977A00C9-FC25-4DD5-A272-933C406A98A0}.Release|x64.ActiveCfg = Release|Any CPU
		{977A00C9-FC25-4DD5-A272-933C406A98A0}.Release|x64.Build.0 = Release|Any CPU
		{977A00C9-FC25-4DD5-A272-933C406A98A0}.Release|x86.ActiveCfg = Release|Any CPU
		{977A00C9-FC25-4DD5-A272-933C406A98A0}.Release|x86.Build.0 = Release|Any CPU
		{B92CE598-1982-4F85-B25E-62D9A5107ED2}.Debug|Any CPU.ActiveCfg = Debug|Any CPU
		{B92CE598-1982-4F85-B25E-62D9A5107ED2}.Debug|Any CPU.Build.0 = Debug|Any CPU
		{B92CE598-1982-4F85-B25E-62D9A5107ED2}.Debug|x64.ActiveCfg = Debug|Any CPU
		{B92CE598-1982-4F85-B25E-62D9A5107ED2}.Debug|x64.Build.0 = Debug|Any CPU
		{B92CE598-1982-4F85-B25E-62D9A5107ED2}.Debug|x86.ActiveCfg = Debug|Any CPU
		{B92CE598-1982-4F85-B25E-62D9A5107ED2}.Debug|x86.Build.0 = Debug|Any CPU
		{B92CE598-1982-4F85-B25E-62D9A5107ED2}.Release|Any CPU.ActiveCfg = Release|Any CPU
		{B92CE598-1982-4F85-B25E-62D9A5107ED2}.Release|Any CPU.Build.0 = Release|Any CPU
		{B92CE598-1982-4F85-B25E-62D9A5107ED2}.Release|x64.ActiveCfg = Release|Any CPU
		{B92CE598-1982-4F85-B25E-62D9A5107ED2}.Release|x64.Build.0 = Release|Any CPU
		{B92CE598-1982-4F85-B25E-62D9A5107ED2}.Release|x86.ActiveCfg = Release|Any CPU
		{B92CE598-1982-4F85-B25E-62D9A5107ED2}.Release|x86.Build.0 = Release|Any CPU
		{252EB8BF-9CAB-4AA2-925A-26450B651CAC}.Debug|Any CPU.ActiveCfg = Debug|Any CPU
		{252EB8BF-9CAB-4AA2-925A-26450B651CAC}.Debug|Any CPU.Build.0 = Debug|Any CPU
		{252EB8BF-9CAB-4AA2-925A-26450B651CAC}.Debug|x64.ActiveCfg = Debug|Any CPU
		{252EB8BF-9CAB-4AA2-925A-26450B651CAC}.Debug|x64.Build.0 = Debug|Any CPU
		{252EB8BF-9CAB-4AA2-925A-26450B651CAC}.Debug|x86.ActiveCfg = Debug|Any CPU
		{252EB8BF-9CAB-4AA2-925A-26450B651CAC}.Debug|x86.Build.0 = Debug|Any CPU
		{252EB8BF-9CAB-4AA2-925A-26450B651CAC}.Release|Any CPU.ActiveCfg = Release|Any CPU
		{252EB8BF-9CAB-4AA2-925A-26450B651CAC}.Release|Any CPU.Build.0 = Release|Any CPU
		{252EB8BF-9CAB-4AA2-925A-26450B651CAC}.Release|x64.ActiveCfg = Release|Any CPU
		{252EB8BF-9CAB-4AA2-925A-26450B651CAC}.Release|x64.Build.0 = Release|Any CPU
		{252EB8BF-9CAB-4AA2-925A-26450B651CAC}.Release|x86.ActiveCfg = Release|Any CPU
		{252EB8BF-9CAB-4AA2-925A-26450B651CAC}.Release|x86.Build.0 = Release|Any CPU
		{1C510105-8C3D-42AB-929C-F0C36D06C81C}.Debug|Any CPU.ActiveCfg = Debug|Any CPU
		{1C510105-8C3D-42AB-929C-F0C36D06C81C}.Debug|Any CPU.Build.0 = Debug|Any CPU
		{1C510105-8C3D-42AB-929C-F0C36D06C81C}.Debug|x64.ActiveCfg = Debug|Any CPU
		{1C510105-8C3D-42AB-929C-F0C36D06C81C}.Debug|x64.Build.0 = Debug|Any CPU
		{1C510105-8C3D-42AB-929C-F0C36D06C81C}.Debug|x86.ActiveCfg = Debug|Any CPU
		{1C510105-8C3D-42AB-929C-F0C36D06C81C}.Debug|x86.Build.0 = Debug|Any CPU
		{1C510105-8C3D-42AB-929C-F0C36D06C81C}.Release|Any CPU.ActiveCfg = Release|Any CPU
		{1C510105-8C3D-42AB-929C-F0C36D06C81C}.Release|Any CPU.Build.0 = Release|Any CPU
		{1C510105-8C3D-42AB-929C-F0C36D06C81C}.Release|x64.ActiveCfg = Release|Any CPU
		{1C510105-8C3D-42AB-929C-F0C36D06C81C}.Release|x64.Build.0 = Release|Any CPU
		{1C510105-8C3D-42AB-929C-F0C36D06C81C}.Release|x86.ActiveCfg = Release|Any CPU
		{1C510105-8C3D-42AB-929C-F0C36D06C81C}.Release|x86.Build.0 = Release|Any CPU
		{627E56FB-F586-4FAD-B3A2-077D14719389}.Debug|Any CPU.ActiveCfg = Debug|Any CPU
		{627E56FB-F586-4FAD-B3A2-077D14719389}.Debug|Any CPU.Build.0 = Debug|Any CPU
		{627E56FB-F586-4FAD-B3A2-077D14719389}.Debug|x64.ActiveCfg = Debug|Any CPU
		{627E56FB-F586-4FAD-B3A2-077D14719389}.Debug|x64.Build.0 = Debug|Any CPU
		{627E56FB-F586-4FAD-B3A2-077D14719389}.Debug|x86.ActiveCfg = Debug|Any CPU
		{627E56FB-F586-4FAD-B3A2-077D14719389}.Debug|x86.Build.0 = Debug|Any CPU
		{627E56FB-F586-4FAD-B3A2-077D14719389}.Release|Any CPU.ActiveCfg = Release|Any CPU
		{627E56FB-F586-4FAD-B3A2-077D14719389}.Release|Any CPU.Build.0 = Release|Any CPU
		{627E56FB-F586-4FAD-B3A2-077D14719389}.Release|x64.ActiveCfg = Release|Any CPU
		{627E56FB-F586-4FAD-B3A2-077D14719389}.Release|x64.Build.0 = Release|Any CPU
		{627E56FB-F586-4FAD-B3A2-077D14719389}.Release|x86.ActiveCfg = Release|Any CPU
		{627E56FB-F586-4FAD-B3A2-077D14719389}.Release|x86.Build.0 = Release|Any CPU
	EndGlobalSection
	GlobalSection(SolutionProperties) = preSolution
		HideSolutionNode = FALSE
	EndGlobalSection
EndGlobal
